
Microsoft Visual Studio Solution File, Format Version 12.00
# Visual Studio Version 16
VisualStudioVersion = 16.0.29709.97
MinimumVisualStudioVersion = 10.0.40219.1
Project("{FAE04EC0-301F-11D3-BF4B-00C04F79EFBC}") = "maslab2", "maslab2\maslab2.csproj", "{33DCA1F9-585F-4D5F-BC67-4DEC140DB675}"
EndProject
Global
	GlobalSection(SolutionConfigurationPlatforms) = preSolution
		Debug|Any CPU = Debug|Any CPU
		Release|Any CPU = Release|Any CPU
	EndGlobalSection
	GlobalSection(ProjectConfigurationPlatforms) = postSolution
		{33DCA1F9-585F-4D5F-BC67-4DEC140DB675}.Debug|Any CPU.ActiveCfg = Debug|Any CPU
		{33DCA1F9-585F-4D5F-BC67-4DEC140DB675}.Debug|Any CPU.Build.0 = Debug|Any CPU
		{33DCA1F9-585F-4D5F-BC67-4DEC140DB675}.Release|Any CPU.ActiveCfg = Release|Any CPU
		{33DCA1F9-585F-4D5F-BC67-4DEC140DB675}.Release|Any CPU.Build.0 = Release|Any CPU
	EndGlobalSection
	GlobalSection(SolutionProperties) = preSolution
		HideSolutionNode = FALSE
	EndGlobalSection
	GlobalSection(ExtensibilityGlobals) = postSolution
		SolutionGuid = {F2A9D187-A454-448D-8507-E42BD78646E4}
	EndGlobalSection
EndGlobal
